
Microsoft Visual Studio Solution File, Format Version 12.00
# Visual Studio Version 16
VisualStudioVersion = 16.0.30907.101
MinimumVisualStudioVersion = 10.0.40219.1
Project("{9A19103F-16F7-4668-BE54-9A1E7A4F7556}") = "WebServer2", "WebServer2\WebServer2.csproj", "{F37E6637-3711-4E7A-8C4D-964CDC841C80}"
EndProject
Global
	GlobalSection(SolutionConfigurationPlatforms) = preSolution
		Debug|Any CPU = Debug|Any CPU
		Release|Any CPU = Release|Any CPU
	EndGlobalSection
	GlobalSection(ProjectConfigurationPlatforms) = postSolution
		{F37E6637-3711-4E7A-8C4D-964CDC841C80}.Debug|Any CPU.ActiveCfg = Debug|Any CPU
		{F37E6637-3711-4E7A-8C4D-964CDC841C80}.Debug|Any CPU.Build.0 = Debug|Any CPU
		{F37E6637-3711-4E7A-8C4D-964CDC841C80}.Release|Any CPU.ActiveCfg = Release|Any CPU
		{F37E6637-3711-4E7A-8C4D-964CDC841C80}.Release|Any CPU.Build.0 = Release|Any CPU
	EndGlobalSection
	GlobalSection(SolutionProperties) = preSolution
		HideSolutionNode = FALSE
	EndGlobalSection
	GlobalSection(ExtensibilityGlobals) = postSolution
		SolutionGuid = {7FB11CB6-0297-4490-909D-F1421ADA755D}
	EndGlobalSection
EndGlobal
